lockfileVersion: '9.0'

settings:
  autoInstallPeers: true
  excludeLinksFromLockfile: false

importers:

  .:
    dependencies:
      mark-web-converter:
        specifier: ^1.0.0
        version: 1.0.0

packages:

  mark-web-converter@1.0.0:
    resolution: {integrity: sha512-wDqFDvnKOCDSVWYqv6wMU8sUA11z9L+WSNZVALaDRfmfy+iCCnIjHeVhU1BZrJtJaBfO8Vo7avGKjLmPOFnSJQ==}
    engines: {node: '>=12.0.0'}
    hasBin: true

  marked@4.3.0:
    resolution: {integrity: sha512-PRsaiG84bK+AMvxziE/lCFss8juXjNaWzVbN5tXAm4XjeaS9NAHhop+PjQxz2A9h8Q4M/xGmzP8vqNwy6JeK0A==}
    engines: {node: '>= 12'}
    hasBin: true

snapshots:

  mark-web-converter@1.0.0:
    dependencies:
      marked: 4.3.0

  marked@4.3.0: {}
